
Microsoft Visual Studio Solution File, Format Version 12.00
# Visual Studio 2012
Project("{FAE04EC0-301F-11D3-BF4B-00C04F79EFBC}") = "Elmah.Io.ElasticSearch", "Elmah.Io.ElasticSearch\Elmah.Io.ElasticSearch.csproj", "{C64356CA-718B-463D-8274-A2926BEDAC7A}"
EndProject
Project("{FAE04EC0-301F-11D3-BF4B-00C04F79EFBC}") = "Elmah.Io.ElasticSearch.Web", "Elmah.Io.ElasticSearch.Web\Elmah.Io.ElasticSearch.Web.csproj", "{E546FC04-5A19-4C2B-9409-3A3BE44D1F24}"
EndProject
Project("{2150E333-8FDC-42A3-9474-1A3956D46DE8}") = ".nuget", ".nuget", "{010D28FA-C235-4438-86DE-4866D8721F9F}"
	ProjectSection(SolutionItems) = preProject
		.nuget\NuGet.Config = .nuget\NuGet.Config
		.nuget\NuGet.exe = .nuget\NuGet.exe
		.nuget\NuGet.targets = .nuget\NuGet.targets
	EndProjectSection
EndProject
Project("{FAE04EC0-301F-11D3-BF4B-00C04F79EFBC}") = "Elmah.Io.ElasticSearch.Tests", "Elmah.Io.ElasticSearch.Tests\Elmah.Io.ElasticSearch.Tests.csproj", "{3A84C273-9EF4-4A31-865B-832E1B366864}"
EndProject
Global
	GlobalSection(SolutionConfigurationPlatforms) = preSolution
		Debug|Any CPU = Debug|Any CPU
		Release|Any CPU = Release|Any CPU
	EndGlobalSection
	GlobalSection(ProjectConfigurationPlatforms) = postSolution
		{C64356CA-718B-463D-8274-A2926BEDAC7A}.Debug|Any CPU.ActiveCfg = Debug|Any CPU
		{C64356CA-718B-463D-8274-A2926BEDAC7A}.Debug|Any CPU.Build.0 = Debug|Any CPU
		{C64356CA-718B-463D-8274-A2926BEDAC7A}.Release|Any CPU.ActiveCfg = Release|Any CPU
		{C64356CA-718B-463D-8274-A2926BEDAC7A}.Release|Any CPU.Build.0 = Release|Any CPU
		{E546FC04-5A19-4C2B-9409-3A3BE44D1F24}.Debug|Any CPU.ActiveCfg = Debug|Any CPU
		{E546FC04-5A19-4C2B-9409-3A3BE44D1F24}.Debug|Any CPU.Build.0 = Debug|Any CPU
		{E546FC04-5A19-4C2B-9409-3A3BE44D1F24}.Release|Any CPU.ActiveCfg = Release|Any CPU
		{E546FC04-5A19-4C2B-9409-3A3BE44D1F24}.Release|Any CPU.Build.0 = Release|Any CPU
		{3A84C273-9EF4-4A31-865B-832E1B366864}.Debug|Any CPU.ActiveCfg = Debug|Any CPU
		{3A84C273-9EF4-4A31-865B-832E1B366864}.Debug|Any CPU.Build.0 = Debug|Any CPU
		{3A84C273-9EF4-4A31-865B-832E1B366864}.Release|Any CPU.ActiveCfg = Release|Any CPU
		{3A84C273-9EF4-4A31-865B-832E1B366864}.Release|Any CPU.Build.0 = Release|Any CPU
	EndGlobalSection
	GlobalSection(SolutionProperties) = preSolution
		HideSolutionNode = FALSE
	EndGlobalSection
EndGlobal
